// !$*UTF8*$!
{
	archiveVersion = 1;
	classes = {
	};
	objectVersion = 55;
	objects = {

/* Begin PBXBuildFile section */
		7D715CFD286D4B3D00FC8290 /* AppDelegate.m in Sources */ = {isa = PBXBuildFile; fileRef = 7D715CFC286D4B3D00FC8290 /* AppDelegate.m */; };
		7D715D00286D4B3D00FC8290 /* SceneDelegate.m in Sources */ = {isa = PBXBuildFile; fileRef = 7D715CFF286D4B3D00FC8290 /* SceneDelegate.m */; };
		7D715D03286D4B3D00FC8290 /* ViewController.m in Sources */ = {isa = PBXBuildFile; fileRef = 7D715D02286D4B3D00FC8290 /* ViewController.m */; };
		7D715D06286D4B3D00FC8290 /* Main.storyboard in Resources */ = {isa = PBXBuildFile; fileRef = 7D715D04286D4B3D00FC8290 /* Main.storyboard */; };
		7D715D08286D4B3F00FC8290 /* Assets.xcassets in Resources */ = {isa = PBXBuildFile; fileRef = 7D715D07286D4B3F00FC8290 /* Assets.xcassets */; };
		7D715D0B286D4B3F00FC8290 /* LaunchScreen.storyboard in Resources */ = {isa = PBXBuildFile; fileRef = 7D715D09286D4B3F00FC8290 /* LaunchScreen.storyboard */; };
		7D715D0E286D4B3F00FC8290 /* main.m in Sources */ = {isa = PBXBuildFile; fileRef = 7D715D0D286D4B3F00FC8290 /* main.m */; };
		7D9BD9BF286DFB7B00F25469 /* Image.m in Sources */ = {isa = PBXBuildFile; fileRef = 7D9BD9BE286DFB7B00F25469 /* Image.m */; };
		7DBE9B21287052070083CFCA /* We Don_t Talk Anymore - Charlie Puth_ Se.mp3 in Resources */ = {isa = PBXBuildFile; fileRef = 7DBE9B20287052070083CFCA /* We Don_t Talk Anymore - Charlie Puth_ Se.mp3 */; };
		7DBE9B23287052130083CFCA /* Em Con Nho Hay Em Da Quen - Tuan Ngoc.mp3 in Resources */ = {isa = PBXBuildFile; fileRef = 7DBE9B22287052130083CFCA /* Em Con Nho Hay Em Da Quen - Tuan Ngoc.mp3 */; };
		7DBE9B2628705EC20083CFCA /* AudioViewController.m in Sources */ = {isa = PBXBuildFile; fileRef = 7DBE9B2528705EC20083CFCA /* AudioViewController.m */; };
		7DBE9B2928705F710083CFCA /* AudioPlayer.m in Sources */ = {isa = PBXBuildFile; fileRef = 7DBE9B2828705F710083CFCA /* AudioPlayer.m */; };
/* End PBXBuildFile section */

/* Begin PBXFileReference section */
		7D715CF8286D4B3D00FC8290 /* Music Player.app */ = {isa = PBXFileReference; explicitFileType = wrapper.application; includeInIndex = 0; path = "Music Player.app"; sourceTree = BUILT_PRODUCTS_DIR; };
		7D715CFB286D4B3D00FC8290 /* AppDelegate.h */ = {isa = PBXFileReference; lastKnownFileType = sourcecode.c.h; path = AppDelegate.h; sourceTree = "<group>"; };
		7D715CFC286D4B3D00FC8290 /* AppDelegate.m */ = {isa = PBXFileReference; lastKnownFileType = sourcecode.c.objc; path = AppDelegate.m; sourceTree = "<group>"; };
		7D715CFE286D4B3D00FC8290 /* SceneDelegate.h */ = {isa = PBXFileReference; lastKnownFileType = sourcecode.c.h; path = SceneDelegate.h; sourceTree = "<group>"; };
		7D715CFF286D4B3D00FC8290 /* SceneDelegate.m */ = {isa = PBXFileReference; lastKnownFileType = sourcecode.c.objc; path = SceneDelegate.m; sourceTree = "<group>"; };
		7D715D01286D4B3D00FC8290 /* ViewController.h */ = {isa = PBXFileReference; lastKnownFileType = sourcecode.c.h; path = ViewController.h; sourceTree = "<group>"; };
		7D715D02286D4B3D00FC8290 /* ViewController.m */ = {isa = PBXFileReference; lastKnownFileType = sourcecode.c.objc; path = ViewController.m; sourceTree = "<group>"; };
		7D715D05286D4B3D00FC8290 /* Base */ = {isa = PBXFileReference; lastKnownFileType = file.storyboard; name = Base; path = Base.lproj/Main.storyboard; sourceTree = "<group>"; };
		7D715D07286D4B3F00FC8290 /* Assets.xcassets */ = {isa = PBXFileReference; lastKnownFileType = folder.assetcatalog; path = Assets.xcassets; sourceTree = "<group>"; };
		7D715D0A286D4B3F00FC8290 /* Base */ = {isa = PBXFileReference; lastKnownFileType = file.storyboard; name = Base; path = Base.lproj/LaunchScreen.storyboard; sourceTree = "<group>"; };
		7D715D0C286D4B3F00FC8290 /* Info.plist */ = {isa = PBXFileReference; lastKnownFileType = text.plist.xml; path = Info.plist; sourceTree = "<group>"; };
		7D715D0D286D4B3F00FC8290 /* main.m */ = {isa = PBXFileReference; lastKnownFileType = sourcecode.c.objc; path = main.m; sourceTree = "<group>"; };
		7D9BD9BD286DFB6E00F25469 /* Image.h */ = {isa = PBXFileReference; lastKnownFileType = sourcecode.c.h; path = Image.h; sourceTree = "<group>"; };
		7D9BD9BE286DFB7B00F25469 /* Image.m */ = {isa = PBXFileReference; lastKnownFileType = sourcecode.c.objc; path = Image.m; sourceTree = "<group>"; };
		7DBE9B20287052070083CFCA /* We Don_t Talk Anymore - Charlie Puth_ Se.mp3 */ = {isa = PBXFileReference; lastKnownFileType = audio.mp3; path = "We Don_t Talk Anymore - Charlie Puth_ Se.mp3"; sourceTree = "<group>"; };
		7DBE9B22287052130083CFCA /* Em Con Nho Hay Em Da Quen - Tuan Ngoc.mp3 */ = {isa = PBXFileReference; lastKnownFileType = audio.mp3; path = "Em Con Nho Hay Em Da Quen - Tuan Ngoc.mp3"; sourceTree = "<group>"; };
		7DBE9B2428705EC20083CFCA /* AudioViewController.h */ = {isa = PBXFileReference; lastKnownFileType = sourcecode.c.h; path = AudioViewController.h; sourceTree = "<group>"; };
		7DBE9B2528705EC20083CFCA /* AudioViewController.m */ = {isa = PBXFileReference; lastKnownFileType = sourcecode.c.objc; path = AudioViewController.m; sourceTree = "<group>"; };
		7DBE9B2728705F640083CFCA /* AudioPlayer.h */ = {isa = PBXFileReference; lastKnownFileType = sourcecode.c.h; path = AudioPlayer.h; sourceTree = "<group>"; };
		7DBE9B2828705F710083CFCA /* AudioPlayer.m */ = {isa = PBXFileReference; lastKnownFileType = sourcecode.c.objc; path = AudioPlayer.m; sourceTree = "<group>"; };
/* End PBXFileReference section */

/* Begin PBXFrameworksBuildPhase section */
		7D715CF5286D4B3D00FC8290 /* Frameworks */ = {
			isa = PBXFrameworksBuildPhase;
			buildActionMask = 2147483647;
			files = (
			);
			runOnlyForDeploymentPostprocessing = 0;
		};
/* End PBXFrameworksBuildPhase section */

/* Begin PBXGroup section */
		7D715CEF286D4B3D00FC8290 = {
			isa = PBXGroup;
			children = (
				7D715CFA286D4B3D00FC8290 /* Music Player */,
				7D715CF9286D4B3D00FC8290 /* Products */,
			);
			sourceTree = "<group>";
		};
		7D715CF9286D4B3D00FC8290 /* Products */ = {
			isa = PBXGroup;
			children = (
				7D715CF8286D4B3D00FC8290 /* Music Player.app */,
			);
			name = Products;
			sourceTree = "<group>";
		};
		7D715CFA286D4B3D00FC8290 /* Music Player */ = {
			isa = PBXGroup;
			children = (
				7D9BD9C0286E00F400F25469 /* Controllers */,
				7D9BD9BC286DFB5400F25469 /* Libs */,
				7D715D19286D5B0300FC8290 /* Songs */,
				7D715CFB286D4B3D00FC8290 /* AppDelegate.h */,
				7D715CFC286D4B3D00FC8290 /* AppDelegate.m */,
				7D715CFE286D4B3D00FC8290 /* SceneDelegate.h */,
				7D715CFF286D4B3D00FC8290 /* SceneDelegate.m */,
				7D715D04286D4B3D00FC8290 /* Main.storyboard */,
				7D715D07286D4B3F00FC8290 /* Assets.xcassets */,
				7D715D09286D4B3F00FC8290 /* LaunchScreen.storyboard */,
				7D715D0C286D4B3F00FC8290 /* Info.plist */,
				7D715D0D286D4B3F00FC8290 /* main.m */,
			);
			path = "Music Player";
			sourceTree = "<group>";
		};
		7D715D19286D5B0300FC8290 /* Songs */ = {
			isa = PBXGroup;
			children = (
				7DBE9B22287052130083CFCA /* Em Con Nho Hay Em Da Quen - Tuan Ngoc.mp3 */,
				7DBE9B20287052070083CFCA /* We Don_t Talk Anymore - Charlie Puth_ Se.mp3 */,
			);
			path = Songs;
			sourceTree = "<group>";
		};
		7D9BD9BC286DFB5400F25469 /* Libs */ = {
			isa = PBXGroup;
			children = (
				7D9BD9BD286DFB6E00F25469 /* Image.h */,
				7D9BD9BE286DFB7B00F25469 /* Image.m */,
				7DBE9B2728705F640083CFCA /* AudioPlayer.h */,
				7DBE9B2828705F710083CFCA /* AudioPlayer.m */,
			);
			path = Libs;
			sourceTree = "<group>";
		};
		7D9BD9C0286E00F400F25469 /* Controllers */ = {
			isa = PBXGroup;
			children = (
				7D715D01286D4B3D00FC8290 /* ViewController.h */,
				7D715D02286D4B3D00FC8290 /* ViewController.m */,
				7DBE9B2428705EC20083CFCA /* AudioViewController.h */,
				7DBE9B2528705EC20083CFCA /* AudioViewController.m */,
			);
			path = Controllers;
			sourceTree = "<group>";
		};
/* End PBXGroup section */

/* Begin PBXNativeTarget section */
		7D715CF7286D4B3D00FC8290 /* Music Player */ = {
			isa = PBXNativeTarget;
			buildConfigurationList = 7D715D11286D4B3F00FC8290 /* Build configuration list for PBXNativeTarget "Music Player" */;
			buildPhases = (
				7D715CF4286D4B3D00FC8290 /* Sources */,
				7D715CF5286D4B3D00FC8290 /* Frameworks */,
				7D715CF6286D4B3D00FC8290 /* Resources */,
			);
			buildRules = (
			);
			dependencies = (
			);
			name = "Music Player";
			productName = "Music Player";
			productReference = 7D715CF8286D4B3D00FC8290 /* Music Player.app */;
			productType = "com.apple.product-type.application";
		};
/* End PBXNativeTarget section */

/* Begin PBXProject section */
		7D715CF0286D4B3D00FC8290 /* Project object */ = {
			isa = PBXProject;
			attributes = {
				BuildIndependentTargetsInParallel = 1;
				LastUpgradeCheck = 1330;
				TargetAttributes = {
					7D715CF7286D4B3D00FC8290 = {
						CreatedOnToolsVersion = 13.3;
					};
				};
			};
			buildConfigurationList = 7D715CF3286D4B3D00FC8290 /* Build configuration list for PBXProject "Music Player" */;
			compatibilityVersion = "Xcode 13.0";
			developmentRegion = en;
			hasScannedForEncodings = 0;
			knownRegions = (
				en,
				Base,
			);
			mainGroup = 7D715CEF286D4B3D00FC8290;
			productRefGroup = 7D715CF9286D4B3D00FC8290 /* Products */;
			projectDirPath = "";
			projectRoot = "";
			targets = (
				7D715CF7286D4B3D00FC8290 /* Music Player */,
			);
		};
/* End PBXProject section */

/* Begin PBXResourcesBuildPhase section */
		7D715CF6286D4B3D00FC8290 /* Resources */ = {
			isa = PBXResourcesBuildPhase;
			buildActionMask = 2147483647;
			files = (
				7DBE9B23287052130083CFCA /* Em Con Nho Hay Em Da Quen - Tuan Ngoc.mp3 in Resources */,
				7D715D0B286D4B3F00FC8290 /* LaunchScreen.storyboard in Resources */,
				7D715D08286D4B3F00FC8290 /* Assets.xcassets in Resources */,
				7DBE9B21287052070083CFCA /* We Don_t Talk Anymore - Charlie Puth_ Se.mp3 in Resources */,
				7D715D06286D4B3D00FC8290 /* Main.storyboard in Resources */,
			);
			runOnlyForDeploymentPostprocessing = 0;
		};
/* End PBXResourcesBuildPhase section */

/* Begin PBXSourcesBuildPhase section */
		7D715CF4286D4B3D00FC8290 /* Sources */ = {
			isa = PBXSourcesBuildPhase;
			buildActionMask = 2147483647;
			files = (
				7D715D03286D4B3D00FC8290 /* ViewController.m in Sources */,
				7D715CFD286D4B3D00FC8290 /* AppDelegate.m in Sources */,
				7D715D0E286D4B3F00FC8290 /* main.m in Sources */,
				7D715D00286D4B3D00FC8290 /* SceneDelegate.m in Sources */,
				7D9BD9BF286DFB7B00F25469 /* Image.m in Sources */,
				7DBE9B2628705EC20083CFCA /* AudioViewController.m in Sources */,
				7DBE9B2928705F710083CFCA /* AudioPlayer.m in Sources */,
			);
			runOnlyForDeploymentPostprocessing = 0;
		};
/* End PBXSourcesBuildPhase section */

/* Begin PBXVariantGroup section */
		7D715D04286D4B3D00FC8290 /* Main.storyboard */ = {
			isa = PBXVariantGroup;
			children = (
				7D715D05286D4B3D00FC8290 /* Base */,
			);
			name = Main.storyboard;
			sourceTree = "<group>";
		};
		7D715D09286D4B3F00FC8290 /* LaunchScreen.storyboard */ = {
			isa = PBXVariantGroup;
			children = (
				7D715D0A286D4B3F00FC8290 /* Base */,
			);
			name = LaunchScreen.storyboard;
			sourceTree = "<group>";
		};
/* End PBXVariantGroup section */

/* Begin XCBuildConfiguration section */
		7D715D0F286D4B3F00FC8290 /* Debug */ = {
			isa = XCBuildConfiguration;
			buildSettings = {
				ALWAYS_SEARCH_USER_PATHS = NO;
				CLANG_ANALYZER_NONNULL = YES;
				CLANG_ANALYZER_NUMBER_OBJECT_CONVERSION = YES_AGGRESSIVE;
				CLANG_CXX_LANGUAGE_STANDARD = "gnu++17";
				CLANG_ENABLE_MODULES = YES;
				CLANG_ENABLE_OBJC_ARC = YES;
				CLANG_ENABLE_OBJC_WEAK = YES;
				CLANG_WARN_BLOCK_CAPTURE_AUTORELEASING = YES;
				CLANG_WARN_BOOL_CONVERSION = YES;
				CLANG_WARN_COMMA = YES;
				CLANG_WARN_CONSTANT_CONVERSION = YES;
				CLANG_WARN_DEPRECATED_OBJC_IMPLEMENTATIONS = YES;
				CLANG_WARN_DIRECT_OBJC_ISA_USAGE = YES_ERROR;
				CLANG_WARN_DOCUMENTATION_COMMENTS = YES;
				CLANG_WARN_EMPTY_BODY = YES;
				CLANG_WARN_ENUM_CONVERSION = YES;
				CLANG_WARN_INFINITE_RECURSION = YES;
				CLANG_WARN_INT_CONVERSION = YES;
				CLANG_WARN_NON_LITERAL_NULL_CONVERSION = YES;
				CLANG_WARN_OBJC_IMPLICIT_RETAIN_SELF = YES;
				CLANG_WARN_OBJC_LITERAL_CONVERSION = YES;
				CLANG_WARN_OBJC_ROOT_CLASS = YES_ERROR;
				CLANG_WARN_QUOTED_INCLUDE_IN_FRAMEWORK_HEADER = YES;
				CLANG_WARN_RANGE_LOOP_ANALYSIS = YES;
				CLANG_WARN_STRICT_PROTOTYPES = YES;
				CLANG_WARN_SUSPICIOUS_MOVE = YES;
				CLANG_WARN_UNGUARDED_AVAILABILITY = YES_AGGRESSIVE;
				CLANG_WARN_UNREACHABLE_CODE = YES;
				CLANG_WARN__DUPLICATE_METHOD_MATCH = YES;
				COPY_PHASE_STRIP = NO;
				DEBUG_INFORMATION_FORMAT = dwarf;
				ENABLE_STRICT_OBJC_MSGSEND = YES;
				ENABLE_TESTABILITY = YES;
				GCC_C_LANGUAGE_STANDARD = gnu11;
				GCC_DYNAMIC_NO_PIC = NO;
				GCC_NO_COMMON_BLOCKS = YES;
				GCC_OPTIMIZATION_LEVEL = 0;
				GCC_PREPROCESSOR_DEFINITIONS = (
					"DEBUG=1",
					"$(inherited)",
				);
				GCC_WARN_64_TO_32_BIT_CONVERSION = YES;
				GCC_WARN_ABOUT_RETURN_TYPE = YES_ERROR;
				GCC_WARN_UNDECLARED_SELECTOR = YES;
				GCC_WARN_UNINITIALIZED_AUTOS = YES_AGGRESSIVE;
				GCC_WARN_UNUSED_FUNCTION = YES;
				GCC_WARN_UNUSED_VARIABLE = YES;
				IPHONEOS_DEPLOYMENT_TARGET = 15.4;
				MTL_ENABLE_DEBUG_INFO = INCLUDE_SOURCE;
				MTL_FAST_MATH = YES;
				ONLY_ACTIVE_ARCH = YES;
				SDKROOT = iphoneos;
			};
			name = Debug;
		};
		7D715D10286D4B3F00FC8290 /* Release */ = {
			isa = XCBuildConfiguration;
			buildSettings = {
				ALWAYS_SEARCH_USER_PATHS = NO;
				CLANG_ANALYZER_NONNULL = YES;
				CLANG_ANALYZER_NUMBER_OBJECT_CONVERSION = YES_AGGRESSIVE;
				CLANG_CXX_LANGUAGE_STANDARD = "gnu++17";
				CLANG_ENABLE_MODULES = YES;
				CLANG_ENABLE_OBJC_ARC = YES;
				CLANG_ENABLE_OBJC_WEAK = YES;
				CLANG_WARN_BLOCK_CAPTURE_AUTORELEASING = YES;
				CLANG_WARN_BOOL_CONVERSION = YES;
				CLANG_WARN_COMMA = YES;
				CLANG_WARN_CONSTANT_CONVERSION = YES;
				CLANG_WARN_DEPRECATED_OBJC_IMPLEMENTATIONS = YES;
				CLANG_WARN_DIRECT_OBJC_ISA_USAGE = YES_ERROR;
				CLANG_WARN_DOCUMENTATION_COMMENTS = YES;
				CLANG_WARN_EMPTY_BODY = YES;
				CLANG_WARN_ENUM_CONVERSION = YES;
				CLANG_WARN_INFINITE_RECURSION = YES;
				CLANG_WARN_INT_CONVERSION = YES;
				CLANG_WARN_NON_LITERAL_NULL_CONVERSION = YES;
				CLANG_WARN_OBJC_IMPLICIT_RETAIN_SELF = YES;
				CLANG_WARN_OBJC_LITERAL_CONVERSION = YES;
				CLANG_WARN_OBJC_ROOT_CLASS = YES_ERROR;
				CLANG_WARN_QUOTED_INCLUDE_IN_FRAMEWORK_HEADER = YES;
				CLANG_WARN_RANGE_LOOP_ANALYSIS = YES;
				CLANG_WARN_STRICT_PROTOTYPES = YES;
				CLANG_WARN_SUSPICIOUS_MOVE = YES;
				CLANG_WARN_UNGUARDED_AVAILABILITY = YES_AGGRESSIVE;
				CLANG_WARN_UNREACHABLE_CODE = YES;
				CLANG_WARN__DUPLICATE_METHOD_MATCH = YES;
				COPY_PHASE_STRIP = NO;
				DEBUG_INFORMATION_FORMAT = "dwarf-with-dsym";
				ENABLE_NS_ASSERTIONS = NO;
				ENABLE_STRICT_OBJC_MSGSEND = YES;
				GCC_C_LANGUAGE_STANDARD = gnu11;
				GCC_NO_COMMON_BLOCKS = YES;
				GCC_WARN_64_TO_32_BIT_CONVERSION = YES;
				GCC_WARN_ABOUT_RETURN_TYPE = YES_ERROR;
				GCC_WARN_UNDECLARED_SELECTOR = YES;
				GCC_WARN_UNINITIALIZED_AUTOS = YES_AGGRESSIVE;
				GCC_WARN_UNUSED_FUNCTION = YES;
				GCC_WARN_UNUSED_VARIABLE = YES;
				IPHONEOS_DEPLOYMENT_TARGET = 15.4;
				MTL_ENABLE_DEBUG_INFO = NO;
				MTL_FAST_MATH = YES;
				SDKROOT = iphoneos;
				VALIDATE_PRODUCT = YES;
			};
			name = Release;
		};
		7D715D12286D4B3F00FC8290 /* Debug */ = {
			isa = XCBuildConfiguration;
			buildSettings = {
				ASSETCATALOG_COMPILER_APPICON_NAME = AppIcon;
				ASSETCATALOG_COMPILER_GLOBAL_ACCENT_COLOR_NAME = AccentColor;
				CODE_SIGN_STYLE = Automatic;
				CURRENT_PROJECT_VERSION = 1;
				DEVELOPMENT_TEAM = 5VW4X59F9Z;
				GENERATE_INFOPLIST_FILE = YES;
				INFOPLIST_FILE = "Music Player/Info.plist";
				INFOPLIST_KEY_UIApplicationSupportsIndirectInputEvents = YES;
				INFOPLIST_KEY_UILaunchStoryboardName = LaunchScreen;
				INFOPLIST_KEY_UIMainStoryboardFile = Main;
				INFOPLIST_KEY_UISupportedInterfaceOrientations_iPad = "UIInterfaceOrientationPortrait UIInterfaceOrientationPortraitUpsideDown UIInterfaceOrientationLandscapeLeft UIInterfaceOrientationLandscapeRight";
				INFOPLIST_KEY_UISupportedInterfaceOrientations_iPhone = "UIInterfaceOrientationPortrait UIInterfaceOrientationLandscapeLeft UIInterfaceOrientationLandscapeRight";
				IPHONEOS_DEPLOYMENT_TARGET = 12.4;
				LD_RUNPATH_SEARCH_PATHS = (
					"$(inherited)",
					"@executable_path/Frameworks",
				);
				MARKETING_VERSION = 1.0;
				PRODUCT_BUNDLE_IDENTIFIER = "com.vuhuy.Music-Player";
				PRODUCT_NAME = "$(TARGET_NAME)";
				SWIFT_EMIT_LOC_STRINGS = YES;
				TARGETED_DEVICE_FAMILY = 1;
			};
			name = Debug;
		};
		7D715D13286D4B3F00FC8290 /* Release */ = {
			isa = XCBuildConfiguration;
			buildSettings = {
				ASSETCATALOG_COMPILER_APPICON_NAME = AppIcon;
				ASSETCATALOG_COMPILER_GLOBAL_ACCENT_COLOR_NAME = AccentColor;
				CODE_SIGN_STYLE = Automatic;
				CURRENT_PROJECT_VERSION = 1;
				DEVELOPMENT_TEAM = 5VW4X59F9Z;
				GENERATE_INFOPLIST_FILE = YES;
				INFOPLIST_FILE = "Music Player/Info.plist";
				INFOPLIST_KEY_UIApplicationSupportsIndirectInputEvents = YES;
				INFOPLIST_KEY_UILaunchStoryboardName = LaunchScreen;
				INFOPLIST_KEY_UIMainStoryboardFile = Main;
				INFOPLIST_KEY_UISupportedInterfaceOrientations_iPad = "UIInterfaceOrientationPortrait UIInterfaceOrientationPortraitUpsideDown UIInterfaceOrientationLandscapeLeft UIInterfaceOrientationLandscapeRight";
				INFOPLIST_KEY_UISupportedInterfaceOrientations_iPhone = "UIInterfaceOrientationPortrait UIInterfaceOrientationLandscapeLeft UIInterfaceOrientationLandscapeRight";
				IPHONEOS_DEPLOYMENT_TARGET = 12.4;
				LD_RUNPATH_SEARCH_PATHS = (
					"$(inherited)",
					"@executable_path/Frameworks",
				);
				MARKETING_VERSION = 1.0;
				PRODUCT_BUNDLE_IDENTIFIER = "com.vuhuy.Music-Player";
				PRODUCT_NAME = "$(TARGET_NAME)";
				SWIFT_EMIT_LOC_STRINGS = YES;
				TARGETED_DEVICE_FAMILY = 1;
			};
			name = Release;
		};
/* End XCBuildConfiguration section */

/* Begin XCConfigurationList section */
		7D715CF3286D4B3D00FC8290 /* Build configuration list for PBXProject "Music Player" */ = {
			isa = XCConfigurationList;
			buildConfigurations = (
				7D715D0F286D4B3F00FC8290 /* Debug */,
				7D715D10286D4B3F00FC8290 /* Release */,
			);
			defaultConfigurationIsVisible = 0;
			defaultConfigurationName = Release;
		};
		7D715D11286D4B3F00FC8290 /* Build configuration list for PBXNativeTarget "Music Player" */ = {
			isa = XCConfigurationList;
			buildConfigurations = (
				7D715D12286D4B3F00FC8290 /* Debug */,
				7D715D13286D4B3F00FC8290 /* Release */,
			);
			defaultConfigurationIsVisible = 0;
			defaultConfigurationName = Release;
		};
/* End XCConfigurationList section */
	};
	rootObject = 7D715CF0286D4B3D00FC8290 /* Project object */;
}
